// !$*UTF8*$!
{
	archiveVersion = 1;
	classes = {
	};
	objectVersion = 77;
	objects = {

/* Begin PBXContainerItemProxy section */
		046B76CB2DF7B92F009B2E9C /* PBXContainerItemProxy */ = {
			isa = PBXContainerItemProxy;
			containerPortal = 046B76B12DF7B92F009B2E9C /* Project object */;
			proxyType = 1;
			remoteGlobalIDString = 046B76B82DF7B92F009B2E9C;
			remoteInfo = Clippy;
		};
		046B76D52DF7B92F009B2E9C /* PBXContainerItemProxy */ = {
			isa = PBXContainerItemProxy;
			containerPortal = 046B76B12DF7B92F009B2E9C /* Project object */;
			proxyType = 1;
			remoteGlobalIDString = 046B76B82DF7B92F009B2E9C;
			remoteInfo = Clippy;
		};
/* End PBXContainerItemProxy section */

/* Begin PBXFileReference section */
		046B76B92DF7B92F009B2E9C /* Clippy.app */ = {isa = PBXFileReference; explicitFileType = wrapper.application; includeInIndex = 0; path = Clippy.app; sourceTree = BUILT_PRODUCTS_DIR; };
		046B76CA2DF7B92F009B2E9C /* ClippyTests.xctest */ = {isa = PBXFileReference; explicitFileType = wrapper.cfbundle; includeInIndex = 0; path = ClippyTests.xctest; sourceTree = BUILT_PRODUCTS_DIR; };
		046B76D42DF7B92F009B2E9C /* ClippyUITests.xctest */ = {isa = PBXFileReference; explicitFileType = wrapper.cfbundle; includeInIndex = 0; path = ClippyUITests.xctest; sourceTree = BUILT_PRODUCTS_DIR; };
/* End PBXFileReference section */

/* Begin PBXFileSystemSynchronizedRootGroup section */
		046B76BB2DF7B92F009B2E9C /* Source */ = {
			isa = PBXFileSystemSynchronizedRootGroup;
			path = Source;
			sourceTree = "<group>";
		};
		046B76CD2DF7B92F009B2E9C /* Tests */ = {
			isa = PBXFileSystemSynchronizedRootGroup;
			path = Tests;
			sourceTree = "<group>";
		};
		046B76D72DF7B92F009B2E9C /* UITests */ = {
			isa = PBXFileSystemSynchronizedRootGroup;
			path = UITests;
			sourceTree = "<group>";
		};
/* End PBXFileSystemSynchronizedRootGroup section */

/* Begin PBXFrameworksBuildPhase section */
		046B76B62DF7B92F009B2E9C /* Frameworks */ = {
			isa = PBXFrameworksBuildPhase;
			buildActionMask = 2147483647;
			files = (
			);
			runOnlyForDeploymentPostprocessing = 0;
		};
		046B76C72DF7B92F009B2E9C /* Frameworks */ = {
			isa = PBXFrameworksBuildPhase;
			buildActionMask = 2147483647;
			files = (
			);
			runOnlyForDeploymentPostprocessing = 0;
		};
		046B76D12DF7B92F009B2E9C /* Frameworks */ = {
			isa = PBXFrameworksBuildPhase;
			buildActionMask = 2147483647;
			files = (
			);
			runOnlyForDeploymentPostprocessing = 0;
		};
/* End PBXFrameworksBuildPhase section */

/* Begin PBXGroup section */
		046B76B02DF7B92F009B2E9C = {
			isa = PBXGroup;
			children = (
				046B76BB2DF7B92F009B2E9C /* Source */,
				046B76CD2DF7B92F009B2E9C /* Tests */,
				046B76D72DF7B92F009B2E9C /* UITests */,
				046B76BA2DF7B92F009B2E9C /* Products */,
			);
			sourceTree = "<group>";
		};
		046B76BA2DF7B92F009B2E9C /* Products */ = {
			isa = PBXGroup;
			children = (
				046B76B92DF7B92F009B2E9C /* Clippy.app */,
				046B76CA2DF7B92F009B2E9C /* ClippyTests.xctest */,
				046B76D42DF7B92F009B2E9C /* ClippyUITests.xctest */,
			);
			name = Products;
			sourceTree = "<group>";
		};
/* End PBXGroup section */

/* Begin PBXNativeTarget section */
		046B76B82DF7B92F009B2E9C /* Clippy */ = {
			isa = PBXNativeTarget;
			buildConfigurationList = 046B76DE2DF7B92F009B2E9C /* Build configuration list for PBXNativeTarget "Clippy" */;
			buildPhases = (
				046B76B52DF7B92F009B2E9C /* Sources */,
				046B76B62DF7B92F009B2E9C /* Frameworks */,
				046B76B72DF7B92F009B2E9C /* Resources */,
			);
			buildRules = (
			);
			dependencies = (
			);
			fileSystemSynchronizedGroups = (
				046B76BB2DF7B92F009B2E9C /* Source */,
			);
			name = Clippy;
			packageProductDependencies = (
			);
			productName = Clippy;
			productReference = 046B76B92DF7B92F009B2E9C /* Clippy.app */;
			productType = "com.apple.product-type.application";
		};
		046B76C92DF7B92F009B2E9C /* ClippyTests */ = {
			isa = PBXNativeTarget;
			buildConfigurationList = 046B76E12DF7B92F009B2E9C /* Build configuration list for PBXNativeTarget "ClippyTests" */;
			buildPhases = (
				046B76C62DF7B92F009B2E9C /* Sources */,
				046B76C72DF7B92F009B2E9C /* Frameworks */,
				046B76C82DF7B92F009B2E9C /* Resources */,
			);
			buildRules = (
			);
			dependencies = (
				046B76CC2DF7B92F009B2E9C /* PBXTargetDependency */,
			);
			fileSystemSynchronizedGroups = (
				046B76CD2DF7B92F009B2E9C /* Tests */,
			);
			name = ClippyTests;
			packageProductDependencies = (
			);
			productName = ClippyTests;
			productReference = 046B76CA2DF7B92F009B2E9C /* ClippyTests.xctest */;
			productType = "com.apple.product-type.bundle.unit-test";
		};
		046B76D32DF7B92F009B2E9C /* ClippyUITests */ = {
			isa = PBXNativeTarget;
			buildConfigurationList = 046B76E42DF7B92F009B2E9C /* Build configuration list for PBXNativeTarget "ClippyUITests" */;
			buildPhases = (
				046B76D02DF7B92F009B2E9C /* Sources */,
				046B76D12DF7B92F009B2E9C /* Frameworks */,
				046B76D22DF7B92F009B2E9C /* Resources */,
			);
			buildRules = (
			);
			dependencies = (
				046B76D62DF7B92F009B2E9C /* PBXTargetDependency */,
			);
			fileSystemSynchronizedGroups = (
				046B76D72DF7B92F009B2E9C /* UITests */,
			);
			name = ClippyUITests;
			packageProductDependencies = (
			);
			productName = ClippyUITests;
			productReference = 046B76D42DF7B92F009B2E9C /* ClippyUITests.xctest */;
			productType = "com.apple.product-type.bundle.ui-testing";
		};
/* End PBXNativeTarget section */

/* Begin PBXProject section */
		046B76B12DF7B92F009B2E9C /* Project object */ = {
			isa = PBXProject;
			attributes = {
				BuildIndependentTargetsInParallel = 1;
				LastSwiftUpdateCheck = 1610;
				LastUpgradeCheck = 1610;
				TargetAttributes = {
					046B76B82DF7B92F009B2E9C = {
						CreatedOnToolsVersion = 16.1;
					};
					046B76C92DF7B92F009B2E9C = {
						CreatedOnToolsVersion = 16.1;
						TestTargetID = 046B76B82DF7B92F009B2E9C;
					};
					046B76D32DF7B92F009B2E9C = {
						CreatedOnToolsVersion = 16.1;
						TestTargetID = 046B76B82DF7B92F009B2E9C;
					};
				};
			};
			buildConfigurationList = 046B76B42DF7B92F009B2E9C /* Build configuration list for PBXProject "Clippy" */;
			developmentRegion = en;
			hasScannedForEncodings = 0;
			knownRegions = (
				en,
				Base,
			);
			mainGroup = 046B76B02DF7B92F009B2E9C;
			minimizedProjectReferenceProxies = 1;
			preferredProjectObjectVersion = 77;
			productRefGroup = 046B76BA2DF7B92F009B2E9C /* Products */;
			projectDirPath = "";
			projectRoot = "";
			targets = (
				046B76B82DF7B92F009B2E9C /* Clippy */,
				046B76C92DF7B92F009B2E9C /* ClippyTests */,
				046B76D32DF7B92F009B2E9C /* ClippyUITests */,
			);
		};
/* End PBXProject section */

/* Begin PBXResourcesBuildPhase section */
		046B76B72DF7B92F009B2E9C /* Resources */ = {
			isa = PBXResourcesBuildPhase;
			buildActionMask = 2147483647;
			files = (
			);
			runOnlyForDeploymentPostprocessing = 0;
		};
		046B76C82DF7B92F009B2E9C /* Resources */ = {
			isa = PBXResourcesBuildPhase;
			buildActionMask = 2147483647;
			files = (
			);
			runOnlyForDeploymentPostprocessing = 0;
		};
		046B76D22DF7B92F009B2E9C /* Resources */ = {
			isa = PBXResourcesBuildPhase;
			buildActionMask = 2147483647;
			files = (
			);
			runOnlyForDeploymentPostprocessing = 0;
		};
/* End PBXResourcesBuildPhase section */

/* Begin PBXSourcesBuildPhase section */
		046B76B52DF7B92F009B2E9C /* Sources */ = {
			isa = PBXSourcesBuildPhase;
			buildActionMask = 2147483647;
			files = (
			);
			runOnlyForDeploymentPostprocessing = 0;
		};
		046B76C62DF7B92F009B2E9C /* Sources */ = {
			isa = PBXSourcesBuildPhase;
			buildActionMask = 2147483647;
			files = (
			);
			runOnlyForDeploymentPostprocessing = 0;
		};
		046B76D02DF7B92F009B2E9C /* Sources */ = {
			isa = PBXSourcesBuildPhase;
			buildActionMask = 2147483647;
			files = (
			);
			runOnlyForDeploymentPostprocessing = 0;
		};
/* End PBXSourcesBuildPhase section */

/* Begin PBXTargetDependency section */
		046B76CC2DF7B92F009B2E9C /* PBXTargetDependency */ = {
			isa = PBXTargetDependency;
			target = 046B76B82DF7B92F009B2E9C /* Clippy */;
			targetProxy = 046B76CB2DF7B92F009B2E9C /* PBXContainerItemProxy */;
		};
		046B76D62DF7B92F009B2E9C /* PBXTargetDependency */ = {
			isa = PBXTargetDependency;
			target = 046B76B82DF7B92F009B2E9C /* Clippy */;
			targetProxy = 046B76D52DF7B92F009B2E9C /* PBXContainerItemProxy */;
		};
/* End PBXTargetDependency section */

/* Begin XCBuildConfiguration section */
		046B76DC2DF7B92F009B2E9C /* Debug */ = {
			isa = XCBuildConfiguration;
			buildSettings = {
				ALWAYS_SEARCH_USER_PATHS = NO;
				ASSETCATALOG_COMPILER_GENERATE_SWIFT_ASSET_SYMBOL_EXTENSIONS = YES;
				CLANG_ANALYZER_NONNULL = YES;
				CLANG_ANALYZER_NUMBER_OBJECT_CONVERSION = YES_AGGRESSIVE;
				CLANG_CXX_LANGUAGE_STANDARD = "gnu++20";
				CLANG_ENABLE_MODULES = YES;
				CLANG_ENABLE_OBJC_ARC = YES;
				CLANG_ENABLE_OBJC_WEAK = YES;
				CLANG_WARN_BLOCK_CAPTURE_AUTORELEASING = YES;
				CLANG_WARN_BOOL_CONVERSION = YES;
				CLANG_WARN_COMMA = YES;
				CLANG_WARN_CONSTANT_CONVERSION = YES;
				CLANG_WARN_DEPRECATED_OBJC_IMPLEMENTATIONS = YES;
				CLANG_WARN_DIRECT_OBJC_ISA_USAGE = YES_ERROR;
				CLANG_WARN_DOCUMENTATION_COMMENTS = YES;
				CLANG_WARN_EMPTY_BODY = YES;
				CLANG_WARN_ENUM_CONVERSION = YES;
				CLANG_WARN_INFINITE_RECURSION = YES;
				CLANG_WARN_INT_CONVERSION = YES;
				CLANG_WARN_NON_LITERAL_NULL_CONVERSION = YES;
				CLANG_WARN_OBJC_IMPLICIT_RETAIN_SELF = YES;
				CLANG_WARN_OBJC_LITERAL_CONVERSION = YES;
				CLANG_WARN_OBJC_ROOT_CLASS = YES_ERROR;
				CLANG_WARN_QUOTED_INCLUDE_IN_FRAMEWORK_HEADER = YES;
				CLANG_WARN_RANGE_LOOP_ANALYSIS = YES;
				CLANG_WARN_STRICT_PROTOTYPES = YES;
				CLANG_WARN_SUSPICIOUS_MOVE = YES;
				CLANG_WARN_UNGUARDED_AVAILABILITY = YES_AGGRESSIVE;
				CLANG_WARN_UNREACHABLE_CODE = YES;
				CLANG_WARN__DUPLICATE_METHOD_MATCH = YES;
				COPY_PHASE_STRIP = NO;
				DEBUG_INFORMATION_FORMAT = dwarf;
				ENABLE_STRICT_OBJC_MSGSEND = YES;
				ENABLE_TESTABILITY = YES;
				ENABLE_USER_SCRIPT_SANDBOXING = YES;
				GCC_C_LANGUAGE_STANDARD = gnu17;
				GCC_DYNAMIC_NO_PIC = NO;
				GCC_NO_COMMON_BLOCKS = YES;
				GCC_OPTIMIZATION_LEVEL = 0;
				GCC_PREPROCESSOR_DEFINITIONS = (
					"DEBUG=1",
					"$(inherited)",
				);
				GCC_WARN_64_TO_32_BIT_CONVERSION = YES;
				GCC_WARN_ABOUT_RETURN_TYPE = YES_ERROR;
				GCC_WARN_UNDECLARED_SELECTOR = YES;
				GCC_WARN_UNINITIALIZED_AUTOS = YES_AGGRESSIVE;
				GCC_WARN_UNUSED_FUNCTION = YES;
				GCC_WARN_UNUSED_VARIABLE = YES;
				LOCALIZATION_PREFERS_STRING_CATALOGS = YES;
				MACOSX_DEPLOYMENT_TARGET = 15.1;
				MTL_ENABLE_DEBUG_INFO = INCLUDE_SOURCE;
				MTL_FAST_MATH = YES;
				ONLY_ACTIVE_ARCH = YES;
				SDKROOT = macosx;
				SWIFT_ACTIVE_COMPILATION_CONDITIONS = "DEBUG $(inherited)";
				SWIFT_OPTIMIZATION_LEVEL = "-Onone";
			};
			name = Debug;
		};
		046B76DD2DF7B92F009B2E9C /* Release */ = {
			isa = XCBuildConfiguration;
			buildSettings = {
				ALWAYS_SEARCH_USER_PATHS = NO;
				ASSETCATALOG_COMPILER_GENERATE_SWIFT_ASSET_SYMBOL_EXTENSIONS = YES;
				CLANG_ANALYZER_NONNULL = YES;
				CLANG_ANALYZER_NUMBER_OBJECT_CONVERSION = YES_AGGRESSIVE;
				CLANG_CXX_LANGUAGE_STANDARD = "gnu++20";
				CLANG_ENABLE_MODULES = YES;
				CLANG_ENABLE_OBJC_ARC = YES;
				CLANG_ENABLE_OBJC_WEAK = YES;
				CLANG_WARN_BLOCK_CAPTURE_AUTORELEASING = YES;
				CLANG_WARN_BOOL_CONVERSION = YES;
				CLANG_WARN_COMMA = YES;
				CLANG_WARN_CONSTANT_CONVERSION = YES;
				CLANG_WARN_DEPRECATED_OBJC_IMPLEMENTATIONS = YES;
				CLANG_WARN_DIRECT_OBJC_ISA_USAGE = YES_ERROR;
				CLANG_WARN_DOCUMENTATION_COMMENTS = YES;
				CLANG_WARN_EMPTY_BODY = YES;
				CLANG_WARN_ENUM_CONVERSION = YES;
				CLANG_WARN_INFINITE_RECURSION = YES;
				CLANG_WARN_INT_CONVERSION = YES;
				CLANG_WARN_NON_LITERAL_NULL_CONVERSION = YES;
				CLANG_WARN_OBJC_IMPLICIT_RETAIN_SELF = YES;
				CLANG_WARN_OBJC_LITERAL_CONVERSION = YES;
				CLANG_WARN_OBJC_ROOT_CLASS = YES_ERROR;
				CLANG_WARN_QUOTED_INCLUDE_IN_FRAMEWORK_HEADER = YES;
				CLANG_WARN_RANGE_LOOP_ANALYSIS = YES;
				CLANG_WARN_STRICT_PROTOTYPES = YES;
				CLANG_WARN_SUSPICIOUS_MOVE = YES;
				CLANG_WARN_UNGUARDED_AVAILABILITY = YES_AGGRESSIVE;
				CLANG_WARN_UNREACHABLE_CODE = YES;
				CLANG_WARN__DUPLICATE_METHOD_MATCH = YES;
				COPY_PHASE_STRIP = NO;
				DEBUG_INFORMATION_FORMAT = "dwarf-with-dsym";
				ENABLE_NS_ASSERTIONS = NO;
				ENABLE_STRICT_OBJC_MSGSEND = YES;
				ENABLE_USER_SCRIPT_SANDBOXING = YES;
				GCC_C_LANGUAGE_STANDARD = gnu17;
				GCC_NO_COMMON_BLOCKS = YES;
				GCC_WARN_64_TO_32_BIT_CONVERSION = YES;
				GCC_WARN_ABOUT_RETURN_TYPE = YES_ERROR;
				GCC_WARN_UNDECLARED_SELECTOR = YES;
				GCC_WARN_UNINITIALIZED_AUTOS = YES_AGGRESSIVE;
				GCC_WARN_UNUSED_FUNCTION = YES;
				GCC_WARN_UNUSED_VARIABLE = YES;
				LOCALIZATION_PREFERS_STRING_CATALOGS = YES;
				MACOSX_DEPLOYMENT_TARGET = 15.1;
				MTL_ENABLE_DEBUG_INFO = NO;
				MTL_FAST_MATH = YES;
				SDKROOT = macosx;
				SWIFT_COMPILATION_MODE = wholemodule;
			};
			name = Release;
		};
		046B76DF2DF7B92F009B2E9C /* Debug */ = {
			isa = XCBuildConfiguration;
			buildSettings = {
				ASSETCATALOG_COMPILER_APPICON_NAME = AppIcon;
				ASSETCATALOG_COMPILER_GLOBAL_ACCENT_COLOR_NAME = AccentColor;
				ASSETCATALOG_COMPILER_INCLUDE_ALL_APPICON_ASSETS = YES;
				CODE_SIGN_ENTITLEMENTS = Source/Clippy.entitlements;
				"CODE_SIGN_IDENTITY[sdk=macosx*]" = "Apple Development";
				CODE_SIGN_STYLE = Automatic;
				COMBINE_HIDPI_IMAGES = YES;
				CURRENT_PROJECT_VERSION = 1;
				DEVELOPMENT_TEAM = AMY9WYRH29;
				ENABLE_HARDENED_RUNTIME = YES;
				GENERATE_INFOPLIST_FILE = YES;
				INFOPLIST_KEY_LSApplicationCategoryType = "public.app-category.productivity";
				INFOPLIST_KEY_LSBackgroundOnly = YES;
				INFOPLIST_KEY_NSHumanReadableCopyright = "Copyright ©️ 2025 vicopem";
				INFOPLIST_KEY_NSMainStoryboardFile = Main;
				INFOPLIST_KEY_NSPrincipalClass = NSApplication;
				LD_RUNPATH_SEARCH_PATHS = (
					"$(inherited)",
					"@executable_path/../Frameworks",
				);
				MACOSX_DEPLOYMENT_TARGET = 15.0;
				MARKETING_VERSION = 1.0;
				PRODUCT_BUNDLE_IDENTIFIER = com.vicopem.clippy;
				PRODUCT_NAME = "$(TARGET_NAME)";
				SWIFT_EMIT_LOC_STRINGS = YES;
				SWIFT_VERSION = 5.0;
			};
			name = Debug;
		};
		046B76E02DF7B92F009B2E9C /* Release */ = {
			isa = XCBuildConfiguration;
			buildSettings = {
				ASSETCATALOG_COMPILER_APPICON_NAME = AppIcon;
				ASSETCATALOG_COMPILER_GLOBAL_ACCENT_COLOR_NAME = AccentColor;
				ASSETCATALOG_COMPILER_INCLUDE_ALL_APPICON_ASSETS = YES;
				CODE_SIGN_ENTITLEMENTS = Source/Clippy.entitlements;
				"CODE_SIGN_IDENTITY[sdk=macosx*]" = "Apple Development";
				CODE_SIGN_STYLE = Automatic;
				COMBINE_HIDPI_IMAGES = YES;
				CURRENT_PROJECT_VERSION = 1;
				DEVELOPMENT_TEAM = AMY9WYRH29;
				ENABLE_HARDENED_RUNTIME = YES;
				GENERATE_INFOPLIST_FILE = YES;
				INFOPLIST_KEY_LSApplicationCategoryType = "public.app-category.productivity";
				INFOPLIST_KEY_LSBackgroundOnly = YES;
				INFOPLIST_KEY_NSHumanReadableCopyright = "Copyright ©️ 2025 vicopem";
				INFOPLIST_KEY_NSMainStoryboardFile = Main;
				INFOPLIST_KEY_NSPrincipalClass = NSApplication;
				LD_RUNPATH_SEARCH_PATHS = (
					"$(inherited)",
					"@executable_path/../Frameworks",
				);
				MACOSX_DEPLOYMENT_TARGET = 15.0;
				MARKETING_VERSION = 1.0;
				PRODUCT_BUNDLE_IDENTIFIER = com.vicopem.clippy;
				PRODUCT_NAME = "$(TARGET_NAME)";
				SWIFT_EMIT_LOC_STRINGS = YES;
				SWIFT_VERSION = 5.0;
			};
			name = Release;
		};
		046B76E22DF7B92F009B2E9C /* Debug */ = {
			isa = XCBuildConfiguration;
			buildSettings = {
				BUNDLE_LOADER = "$(TEST_HOST)";
				CODE_SIGN_STYLE = Automatic;
				CURRENT_PROJECT_VERSION = 1;
				DEVELOPMENT_TEAM = AMY9WYRH29;
				GENERATE_INFOPLIST_FILE = YES;
				MACOSX_DEPLOYMENT_TARGET = 15.1;
				MARKETING_VERSION = 1.0;
				PRODUCT_BUNDLE_IDENTIFIER = com.vicopem.ClippyTests;
				PRODUCT_NAME = "$(TARGET_NAME)";
				SWIFT_EMIT_LOC_STRINGS = NO;
				SWIFT_VERSION = 5.0;
				TEST_HOST = "$(BUILT_PRODUCTS_DIR)/Clippy.app/$(BUNDLE_EXECUTABLE_FOLDER_PATH)/Clippy";
			};
			name = Debug;
		};
		046B76E32DF7B92F009B2E9C /* Release */ = {
			isa = XCBuildConfiguration;
			buildSettings = {
				BUNDLE_LOADER = "$(TEST_HOST)";
				CODE_SIGN_STYLE = Automatic;
				CURRENT_PROJECT_VERSION = 1;
				DEVELOPMENT_TEAM = AMY9WYRH29;
				GENERATE_INFOPLIST_FILE = YES;
				MACOSX_DEPLOYMENT_TARGET = 15.1;
				MARKETING_VERSION = 1.0;
				PRODUCT_BUNDLE_IDENTIFIER = com.vicopem.ClippyTests;
				PRODUCT_NAME = "$(TARGET_NAME)";
				SWIFT_EMIT_LOC_STRINGS = NO;
				SWIFT_VERSION = 5.0;
				TEST_HOST = "$(BUILT_PRODUCTS_DIR)/Clippy.app/$(BUNDLE_EXECUTABLE_FOLDER_PATH)/Clippy";
			};
			name = Release;
		};
		046B76E52DF7B92F009B2E9C /* Debug */ = {
			isa = XCBuildConfiguration;
			buildSettings = {
				CODE_SIGN_STYLE = Automatic;
				CURRENT_PROJECT_VERSION = 1;
				DEVELOPMENT_TEAM = AMY9WYRH29;
				GENERATE_INFOPLIST_FILE = YES;
				MARKETING_VERSION = 1.0;
				PRODUCT_BUNDLE_IDENTIFIER = com.vicopem.ClippyUITests;
				PRODUCT_NAME = "$(TARGET_NAME)";
				SWIFT_EMIT_LOC_STRINGS = NO;
				SWIFT_VERSION = 5.0;
				TEST_TARGET_NAME = Clippy;
			};
			name = Debug;
		};
		046B76E62DF7B92F009B2E9C /* Release */ = {
			isa = XCBuildConfiguration;
			buildSettings = {
				CODE_SIGN_STYLE = Automatic;
				CURRENT_PROJECT_VERSION = 1;
				DEVELOPMENT_TEAM = AMY9WYRH29;
				GENERATE_INFOPLIST_FILE = YES;
				MARKETING_VERSION = 1.0;
				PRODUCT_BUNDLE_IDENTIFIER = com.vicopem.ClippyUITests;
				PRODUCT_NAME = "$(TARGET_NAME)";
				SWIFT_EMIT_LOC_STRINGS = NO;
				SWIFT_VERSION = 5.0;
				TEST_TARGET_NAME = Clippy;
			};
			name = Release;
		};
/* End XCBuildConfiguration section */

/* Begin XCConfigurationList section */
		046B76B42DF7B92F009B2E9C /* Build configuration list for PBXProject "Clippy" */ = {
			isa = XCConfigurationList;
			buildConfigurations = (
				046B76DC2DF7B92F009B2E9C /* Debug */,
				046B76DD2DF7B92F009B2E9C /* Release */,
			);
			defaultConfigurationIsVisible = 0;
			defaultConfigurationName = Release;
		};
		046B76DE2DF7B92F009B2E9C /* Build configuration list for PBXNativeTarget "Clippy" */ = {
			isa = XCConfigurationList;
			buildConfigurations = (
				046B76DF2DF7B92F009B2E9C /* Debug */,
				046B76E02DF7B92F009B2E9C /* Release */,
			);
			defaultConfigurationIsVisible = 0;
			defaultConfigurationName = Release;
		};
		046B76E12DF7B92F009B2E9C /* Build configuration list for PBXNativeTarget "ClippyTests" */ = {
			isa = XCConfigurationList;
			buildConfigurations = (
				046B76E22DF7B92F009B2E9C /* Debug */,
				046B76E32DF7B92F009B2E9C /* Release */,
			);
			defaultConfigurationIsVisible = 0;
			defaultConfigurationName = Release;
		};
		046B76E42DF7B92F009B2E9C /* Build configuration list for PBXNativeTarget "ClippyUITests" */ = {
			isa = XCConfigurationList;
			buildConfigurations = (
				046B76E52DF7B92F009B2E9C /* Debug */,
				046B76E62DF7B92F009B2E9C /* Release */,
			);
			defaultConfigurationIsVisible = 0;
			defaultConfigurationName = Release;
		};
/* End XCConfigurationList section */
	};
	rootObject = 046B76B12DF7B92F009B2E9C /* Project object */;
}
